
Microsoft Visual Studio Solution File, Format Version 12.00
# Visual Studio Version 17
VisualStudioVersion = 17.3.32929.385
MinimumVisualStudioVersion = 10.0.40219.1
Project("{FAE04EC0-301F-11D3-BF4B-00C04F79EFBC}") = "Date.Time", "Date.Time\Date.Time.csproj", "{01B640E9-34A0-4DBD-A121-73B610F54FA1}"
EndProject
Global
	GlobalSection(SolutionConfigurationPlatforms) = preSolution
		Debug|Any CPU = Debug|Any CPU
		Release|Any CPU = Release|Any CPU
	EndGlobalSection
	GlobalSection(ProjectConfigurationPlatforms) = postSolution
		{01B640E9-34A0-4DBD-A121-73B610F54FA1}.Debug|Any CPU.ActiveCfg = Debug|Any CPU
		{01B640E9-34A0-4DBD-A121-73B610F54FA1}.Debug|Any CPU.Build.0 = Debug|Any CPU
		{01B640E9-34A0-4DBD-A121-73B610F54FA1}.Release|Any CPU.ActiveCfg = Release|Any CPU
		{01B640E9-34A0-4DBD-A121-73B610F54FA1}.Release|Any CPU.Build.0 = Release|Any CPU
	EndGlobalSection
	GlobalSection(SolutionProperties) = preSolution
		HideSolutionNode = FALSE
	EndGlobalSection
	GlobalSection(ExtensibilityGlobals) = postSolution
		SolutionGuid = {ADD37B63-6392-4148-8398-AC54934DB87F}
	EndGlobalSection
EndGlobal
