
Microsoft Visual Studio Solution File, Format Version 12.00
# Visual Studio Version 17
VisualStudioVersion = 17.3.32929.385
MinimumVisualStudioVersion = 10.0.40219.1
Project("{FAE04EC0-301F-11D3-BF4B-00C04F79EFBC}") = "Lista 1", "Lista 1\Lista 1.csproj", "{379225CB-E451-473C-9E6E-C333538EC5D9}"
EndProject
Global
	GlobalSection(SolutionConfigurationPlatforms) = preSolution
		Debug|Any CPU = Debug|Any CPU
		Release|Any CPU = Release|Any CPU
	EndGlobalSection
	GlobalSection(ProjectConfigurationPlatforms) = postSolution
		{379225CB-E451-473C-9E6E-C333538EC5D9}.Debug|Any CPU.ActiveCfg = Debug|Any CPU
		{379225CB-E451-473C-9E6E-C333538EC5D9}.Debug|Any CPU.Build.0 = Debug|Any CPU
		{379225CB-E451-473C-9E6E-C333538EC5D9}.Release|Any CPU.ActiveCfg = Release|Any CPU
		{379225CB-E451-473C-9E6E-C333538EC5D9}.Release|Any CPU.Build.0 = Release|Any CPU
	EndGlobalSection
	GlobalSection(SolutionProperties) = preSolution
		HideSolutionNode = FALSE
	EndGlobalSection
	GlobalSection(ExtensibilityGlobals) = postSolution
		SolutionGuid = {D56C857B-3DA3-4363-BCD1-C5867C7E0BD1}
	EndGlobalSection
EndGlobal
